
Microsoft Visual Studio Solution File, Format Version 12.00
# Visual Studio Version 17
VisualStudioVersion = 17.8.34316.72
MinimumVisualStudioVersion = 10.0.40219.1
Project("{FAE04EC0-301F-11D3-BF4B-00C04F79EFBC}") = "WordWeaver", "WordWeaver\WordWeaver.csproj", "{827CF005-198E-449B-82FA-C76DAA13DB1C}"
EndProject
Global
	GlobalSection(SolutionConfigurationPlatforms) = preSolution
		Debug|Any CPU = Debug|Any CPU
		Release|Any CPU = Release|Any CPU
	EndGlobalSection
	GlobalSection(ProjectConfigurationPlatforms) = postSolution
		{827CF005-198E-449B-82FA-C76DAA13DB1C}.Debug|Any CPU.ActiveCfg = Debug|Any CPU
		{827CF005-198E-449B-82FA-C76DAA13DB1C}.Debug|Any CPU.Build.0 = Debug|Any CPU
		{827CF005-198E-449B-82FA-C76DAA13DB1C}.Release|Any CPU.ActiveCfg = Release|Any CPU
		{827CF005-198E-449B-82FA-C76DAA13DB1C}.Release|Any CPU.Build.0 = Release|Any CPU
	EndGlobalSection
	GlobalSection(SolutionProperties) = preSolution
		HideSolutionNode = FALSE
	EndGlobalSection
	GlobalSection(ExtensibilityGlobals) = postSolution
		SolutionGuid = {9EA81805-6B29-46C0-96D7-4DCDBBD3DEA0}
	EndGlobalSection
EndGlobal
